# This file is generated by running "yarn install" inside your project.
# Manual changes might be lost - proceed with caution!

__metadata:
  version: 8
  cacheKey: 10c0

"@d-fischer/cache-decorators@npm:^4.0.0":
  version: 4.0.1
  resolution: "@d-fischer/cache-decorators@npm:4.0.1"
  dependencies:
    "@d-fischer/shared-utils": "npm:^3.6.3"
    tslib: "npm:^2.6.2"
  checksum: 10c0/9ac161341bd8df6c8696c23c2b6eb5d4e8529fe7b8ca3a876b1df63b9d56b002f38a402e8342f5c9018e9ac22f67fbbe5c6a6b3081d19f1690e875a218372916
  languageName: node
  linkType: hard

"@d-fischer/cross-fetch@npm:^5.0.1":
  version: 5.0.5
  resolution: "@d-fischer/cross-fetch@npm:5.0.5"
  dependencies:
    node-fetch: "npm:^2.6.12"
  checksum: 10c0/f9322492626eb32304b7c1e3cdb5f21645b892cdcd3fe69d6d6a566047b4abe50588bb257c0008ae69beb41d1f21cebbe390de1af759730637a11dd1f23316a4
  languageName: node
  linkType: hard

"@d-fischer/detect-node@npm:^3.0.1":
  version: 3.0.1
  resolution: "@d-fischer/detect-node@npm:3.0.1"
  checksum: 10c0/5d318300fa893e86f8df733e2a74a54ba584d491eda2a9db31eccd399bbec13b65823f5392f1015ce4c84e7803152a5f93a9e3e737cf272be6eadb3aa6bd32e0
  languageName: node
  linkType: hard

"@d-fischer/logger@npm:^4.2.1, @d-fischer/logger@npm:^4.2.3":
  version: 4.2.3
  resolution: "@d-fischer/logger@npm:4.2.3"
  dependencies:
    "@d-fischer/detect-node": "npm:^3.0.1"
    "@d-fischer/shared-utils": "npm:^3.2.0"
    tslib: "npm:^2.0.3"
  checksum: 10c0/192fde7225dcffe3c7b53fcec603de0a7ccdcdf507475ec734e88532901b726cf41459fc4595e58273d2ab9dbeeb388c532673d57d32cf0c683bcc684eebaa8f
  languageName: node
  linkType: hard

"@d-fischer/qs@npm:^7.0.2":
  version: 7.0.2
  resolution: "@d-fischer/qs@npm:7.0.2"
  checksum: 10c0/07765d3f214e3b2fe687e9c7518b299afe5e4a6d588a6887702d311b6a048c1248a7ccab81702a1bb64b08349e958725f71ae3827b6028015e12dbd2e8a399fb
  languageName: node
  linkType: hard

"@d-fischer/rate-limiter@npm:^1.0.0":
  version: 1.0.1
  resolution: "@d-fischer/rate-limiter@npm:1.0.1"
  dependencies:
    "@d-fischer/logger": "npm:^4.2.3"
    "@d-fischer/shared-utils": "npm:^3.6.3"
    tslib: "npm:^2.6.2"
  checksum: 10c0/19126c65b3a62e825f3dfbbf8376bd7e5374ce2a49c17251d5aca001d998e414ae49dcb6028dfb61a19af375a381c443ba8b96c72f09bab55a21c0fd888b2f41
  languageName: node
  linkType: hard

"@d-fischer/shared-utils@npm:^3.2.0, @d-fischer/shared-utils@npm:^3.6.1, @d-fischer/shared-utils@npm:^3.6.3":
  version: 3.6.4
  resolution: "@d-fischer/shared-utils@npm:3.6.4"
  dependencies:
    tslib: "npm:^2.4.1"
  checksum: 10c0/834d00496ac8f5a52840d5e17a3829ac1c2f83dea4b9881af746b2b6532f9731707f9a8b1f22c8a40be48afa86afb6fa50c5ed0204374903c6c1745c54889fe8
  languageName: node
  linkType: hard

"@d-fischer/typed-event-emitter@npm:^3.3.1":
  version: 3.3.3
  resolution: "@d-fischer/typed-event-emitter@npm:3.3.3"
  dependencies:
    tslib: "npm:^2.4.0"
  checksum: 10c0/cc898c3ef7fec2d08a6ced966ea89ea6156ec7717c9aeedb638edefbc6d6312efdd0ec6d69dea503406ed85459aab9f6066f7c78b9aeef3672dd7efb6d5874ce
  languageName: node
  linkType: hard

"@telegraf/types@npm:^7.1.0":
  version: 7.1.0
  resolution: "@telegraf/types@npm:7.1.0"
  checksum: 10c0/643febc20cb8e3600a3d1f8468758a58247311347f60f2bb94235c54f0546825db7a64bf12c59d484b3d26ac983c0b34a2b13ceb91c751d18d570fd6324757cd
  languageName: node
  linkType: hard

"@telegraf/types@npm:^8.2.0":
  version: 8.2.0
  resolution: "@telegraf/types@npm:8.2.0"
  checksum: 10c0/6326067681542ba025f50bf4b931022b7badd01355d68707e789e8b130d5306b7eea4d940eb63af326addb87c048d48e1c4e7b31cef15207206705a56b61f0f0
  languageName: node
  linkType: hard

"@twurple/api-call@npm:7.2.1":
  version: 7.2.1
  resolution: "@twurple/api-call@npm:7.2.1"
  dependencies:
    "@d-fischer/cross-fetch": "npm:^5.0.1"
    "@d-fischer/qs": "npm:^7.0.2"
    "@d-fischer/shared-utils": "npm:^3.6.1"
    "@twurple/common": "npm:7.2.1"
    tslib: "npm:^2.0.3"
  checksum: 10c0/71d82d80705a46fe1acdc169b2ab66636c2b7b1d129f22b1e1c5c2d0e9792e20cd0da8ed2daf80c0fab5cb5bfca38c36220b9794960071395c764899deaec65a
  languageName: node
  linkType: hard

"@twurple/api@npm:^7.2.1":
  version: 7.2.1
  resolution: "@twurple/api@npm:7.2.1"
  dependencies:
    "@d-fischer/cache-decorators": "npm:^4.0.0"
    "@d-fischer/cross-fetch": "npm:^5.0.1"
    "@d-fischer/detect-node": "npm:^3.0.1"
    "@d-fischer/logger": "npm:^4.2.1"
    "@d-fischer/rate-limiter": "npm:^1.0.0"
    "@d-fischer/shared-utils": "npm:^3.6.1"
    "@d-fischer/typed-event-emitter": "npm:^3.3.1"
    "@twurple/api-call": "npm:7.2.1"
    "@twurple/common": "npm:7.2.1"
    retry: "npm:^0.13.1"
    tslib: "npm:^2.0.3"
  peerDependencies:
    "@twurple/auth": 7.2.1
  checksum: 10c0/40b136930256af6bb37282d3707ac645eb55e76bb3f417fd3a3d01289409219cafae55ef2e51234da270559701b2fe18e7b657a2b2765a8a9ff415c88a5b3f85
  languageName: node
  linkType: hard

"@twurple/common@npm:7.2.1, @twurple/common@npm:^7.2.1":
  version: 7.2.1
  resolution: "@twurple/common@npm:7.2.1"
  dependencies:
    "@d-fischer/shared-utils": "npm:^3.6.1"
    klona: "npm:^2.0.4"
    tslib: "npm:^2.0.3"
  checksum: 10c0/25498644c48b747afa1017f316e4ff410404d932c21211ee4599228b93e6b3356af46cd0d097f4c726d8f4415831105ddc881dda0ae19e5733a1fe0c242797c0
  languageName: node
  linkType: hard

"@types/node@npm:^22.13.0":
  version: 22.13.0
  resolution: "@types/node@npm:22.13.0"
  dependencies:
    undici-types: "npm:~6.20.0"
  checksum: 10c0/9cf6358b2863ae7bf9588ca1cc3d87f6a6289c3880e95a046a188760666870e2c12502df8b0a473bec8aa8ffee85e025d60382a6104b10f197120793235b2c22
  languageName: node
  linkType: hard

"abort-controller@npm:^3.0.0":
  version: 3.0.0
  resolution: "abort-controller@npm:3.0.0"
  dependencies:
    event-target-shim: "npm:^5.0.0"
  checksum: 10c0/90ccc50f010250152509a344eb2e71977fbf8db0ab8f1061197e3275ddf6c61a41a6edfd7b9409c664513131dd96e962065415325ef23efa5db931b382d24ca5
  languageName: node
  linkType: hard

"asynckit@npm:^0.4.0":
  version: 0.4.0
  resolution: "asynckit@npm:0.4.0"
  checksum: 10c0/d73e2ddf20c4eb9337e1b3df1a0f6159481050a5de457c55b14ea2e5cb6d90bb69e004c9af54737a5ee0917fcf2c9e25de67777bbe58261847846066ba75bc9d
  languageName: node
  linkType: hard

"axios@npm:^1.7.9":
  version: 1.7.9
  resolution: "axios@npm:1.7.9"
  dependencies:
    follow-redirects: "npm:^1.15.6"
    form-data: "npm:^4.0.0"
    proxy-from-env: "npm:^1.1.0"
  checksum: 10c0/b7a41e24b59fee5f0f26c1fc844b45b17442832eb3a0fb42dd4f1430eb4abc571fe168e67913e8a1d91c993232bd1d1ab03e20e4d1fee8c6147649b576fc1b0b
  languageName: node
  linkType: hard

"buffer-alloc-unsafe@npm:^1.1.0":
  version: 1.1.0
  resolution: "buffer-alloc-unsafe@npm:1.1.0"
  checksum: 10c0/06b9298c9369621a830227c3797ceb3ff5535e323946d7b39a7398fed8b3243798259b3c85e287608c5aad35ccc551cec1a0a5190cc8f39652e8eee25697fc9c
  languageName: node
  linkType: hard

"buffer-alloc@npm:^1.2.0":
  version: 1.2.0
  resolution: "buffer-alloc@npm:1.2.0"
  dependencies:
    buffer-alloc-unsafe: "npm:^1.1.0"
    buffer-fill: "npm:^1.0.0"
  checksum: 10c0/09d87dd53996342ccfbeb2871257d8cdb25ce9ee2259adc95c6490200cd6e528c5fbae8f30bcc323fe8d8efb0fe541e4ac3bbe9ee3f81c6b7c4b27434cc02ab4
  languageName: node
  linkType: hard

"buffer-fill@npm:^1.0.0":
  version: 1.0.0
  resolution: "buffer-fill@npm:1.0.0"
  checksum: 10c0/55b5654fbbf2d7ceb4991bb537f5e5b5b5b9debca583fee416a74fcec47c16d9e7a90c15acd27577da7bd750b7fa6396e77e7c221e7af138b6d26242381c6e4d
  languageName: node
  linkType: hard

"combined-stream@npm:^1.0.8":
  version: 1.0.8
  resolution: "combined-stream@npm:1.0.8"
  dependencies:
    delayed-stream: "npm:~1.0.0"
  checksum: 10c0/0dbb829577e1b1e839fa82b40c07ffaf7de8a09b935cadd355a73652ae70a88b4320db322f6634a4ad93424292fa80973ac6480986247f1734a1137debf271d5
  languageName: node
  linkType: hard

"debug@npm:^4.3.4":
  version: 4.4.0
  resolution: "debug@npm:4.4.0"
  dependencies:
    ms: "npm:^2.1.3"
  peerDependenciesMeta:
    supports-color:
      optional: true
  checksum: 10c0/db94f1a182bf886f57b4755f85b3a74c39b5114b9377b7ab375dc2cfa3454f09490cc6c30f829df3fc8042bc8b8995f6567ce5cd96f3bc3688bd24027197d9de
  languageName: node
  linkType: hard

"delayed-stream@npm:~1.0.0":
  version: 1.0.0
  resolution: "delayed-stream@npm:1.0.0"
  checksum: 10c0/d758899da03392e6712f042bec80aa293bbe9e9ff1b2634baae6a360113e708b91326594c8a486d475c69d6259afb7efacdc3537bfcda1c6c648e390ce601b19
  languageName: node
  linkType: hard

"dotenv@npm:^16.4.7":
  version: 16.4.7
  resolution: "dotenv@npm:16.4.7"
  checksum: 10c0/be9f597e36a8daf834452daa1f4cc30e5375a5968f98f46d89b16b983c567398a330580c88395069a77473943c06b877d1ca25b4afafcdd6d4adb549e8293462
  languageName: node
  linkType: hard

"event-target-shim@npm:^5.0.0":
  version: 5.0.1
  resolution: "event-target-shim@npm:5.0.1"
  checksum: 10c0/0255d9f936215fd206156fd4caa9e8d35e62075d720dc7d847e89b417e5e62cf1ce6c9b4e0a1633a9256de0efefaf9f8d26924b1f3c8620cffb9db78e7d3076b
  languageName: node
  linkType: hard

"follow-redirects@npm:^1.15.6":
  version: 1.15.9
  resolution: "follow-redirects@npm:1.15.9"
  peerDependenciesMeta:
    debug:
      optional: true
  checksum: 10c0/5829165bd112c3c0e82be6c15b1a58fa9dcfaede3b3c54697a82fe4a62dd5ae5e8222956b448d2f98e331525f05d00404aba7d696de9e761ef6e42fdc780244f
  languageName: node
  linkType: hard

"form-data@npm:^4.0.0":
  version: 4.0.1
  resolution: "form-data@npm:4.0.1"
  dependencies:
    asynckit: "npm:^0.4.0"
    combined-stream: "npm:^1.0.8"
    mime-types: "npm:^2.1.12"
  checksum: 10c0/bb102d570be8592c23f4ea72d7df9daa50c7792eb0cf1c5d7e506c1706e7426a4e4ae48a35b109e91c85f1c0ec63774a21ae252b66f4eb981cb8efef7d0463c8
  languageName: node
  linkType: hard

"klona@npm:^2.0.4":
  version: 2.0.6
  resolution: "klona@npm:2.0.6"
  checksum: 10c0/94eed2c6c2ce99f409df9186a96340558897b3e62a85afdc1ee39103954d2ebe1c1c4e9fe2b0952771771fa96d70055ede8b27962a7021406374fdb695fd4d01
  languageName: node
  linkType: hard

"mime-db@npm:1.52.0":
  version: 1.52.0
  resolution: "mime-db@npm:1.52.0"
  checksum: 10c0/0557a01deebf45ac5f5777fe7740b2a5c309c6d62d40ceab4e23da9f821899ce7a900b7ac8157d4548ddbb7beffe9abc621250e6d182b0397ec7f10c7b91a5aa
  languageName: node
  linkType: hard

"mime-types@npm:^2.1.12":
  version: 2.1.35
  resolution: "mime-types@npm:2.1.35"
  dependencies:
    mime-db: "npm:1.52.0"
  checksum: 10c0/82fb07ec56d8ff1fc999a84f2f217aa46cb6ed1033fefaabd5785b9a974ed225c90dc72fff460259e66b95b73648596dbcc50d51ed69cdf464af2d237d3149b2
  languageName: node
  linkType: hard

"mri@npm:^1.2.0":
  version: 1.2.0
  resolution: "mri@npm:1.2.0"
  checksum: 10c0/a3d32379c2554cf7351db6237ddc18dc9e54e4214953f3da105b97dc3babe0deb3ffe99cf409b38ea47cc29f9430561ba6b53b24ab8f9ce97a4b50409e4a50e7
  languageName: node
  linkType: hard

"ms@npm:^2.1.3":
  version: 2.1.3
  resolution: "ms@npm:2.1.3"
  checksum: 10c0/d924b57e7312b3b63ad21fc5b3dc0af5e78d61a1fc7cfb5457edaf26326bf62be5307cc87ffb6862ef1c2b33b0233cdb5d4f01c4c958cc0d660948b65a287a48
  languageName: node
  linkType: hard

"node-fetch@npm:^2.6.12, node-fetch@npm:^2.7.0":
  version: 2.7.0
  resolution: "node-fetch@npm:2.7.0"
  dependencies:
    whatwg-url: "npm:^5.0.0"
  peerDependencies:
    encoding: ^0.1.0
  peerDependenciesMeta:
    encoding:
      optional: true
  checksum: 10c0/b55786b6028208e6fbe594ccccc213cab67a72899c9234eb59dba51062a299ea853210fcf526998eaa2867b0963ad72338824450905679ff0fa304b8c5093ae8
  languageName: node
  linkType: hard

"p-timeout@npm:^4.1.0":
  version: 4.1.0
  resolution: "p-timeout@npm:4.1.0"
  checksum: 10c0/25aaf13ae9ebfff4ab45591f6647f3bee1ecede073c367175fb0157c27efb170cfb51259a4d2e9118d2ca595453bc885f086ad0ca7476d1c26cee3d13a7c9f6d
  languageName: node
  linkType: hard

"proxy-from-env@npm:^1.1.0":
  version: 1.1.0
  resolution: "proxy-from-env@npm:1.1.0"
  checksum: 10c0/fe7dd8b1bdbbbea18d1459107729c3e4a2243ca870d26d34c2c1bcd3e4425b7bcc5112362df2d93cc7fb9746f6142b5e272fd1cc5c86ddf8580175186f6ad42b
  languageName: node
  linkType: hard

"retry@npm:^0.13.1":
  version: 0.13.1
  resolution: "retry@npm:0.13.1"
  checksum: 10c0/9ae822ee19db2163497e074ea919780b1efa00431d197c7afdb950e42bf109196774b92a49fc9821f0b8b328a98eea6017410bfc5e8a0fc19c85c6d11adb3772
  languageName: node
  linkType: hard

"safe-compare@npm:^1.1.4":
  version: 1.1.4
  resolution: "safe-compare@npm:1.1.4"
  dependencies:
    buffer-alloc: "npm:^1.2.0"
  checksum: 10c0/ada2ef3b6c3a216d82be7b749b4b3a247bcf28b028e1786e636ec83c0a0f918779c30158473e13b30120a6c5bfe3262eb39e95b42dae1dee191565442629f71e
  languageName: node
  linkType: hard

"sandwich-stream@npm:^2.0.2":
  version: 2.0.2
  resolution: "sandwich-stream@npm:2.0.2"
  checksum: 10c0/30c779dd32b63cf489cb0a1f28828977db51fe7ca1673ae143649ab583645f6ddb61acb28e770abe52f9006c230cbcc026e56d214964c7bfd788ae05d684643a
  languageName: node
  linkType: hard

"stream-sync-bot@workspace:.":
  version: 0.0.0-use.local
  resolution: "stream-sync-bot@workspace:."
  dependencies:
    "@telegraf/types": "npm:^8.2.0"
    "@twurple/api": "npm:^7.2.1"
    "@twurple/common": "npm:^7.2.1"
    "@types/node": "npm:^22.13.0"
    axios: "npm:^1.7.9"
    dotenv: "npm:^16.4.7"
    telegraf: "npm:^4.16.3"
    typescript: "npm:^5.5.3"
  languageName: unknown
  linkType: soft

"telegraf@npm:^4.16.3":
  version: 4.16.3
  resolution: "telegraf@npm:4.16.3"
  dependencies:
    "@telegraf/types": "npm:^7.1.0"
    abort-controller: "npm:^3.0.0"
    debug: "npm:^4.3.4"
    mri: "npm:^1.2.0"
    node-fetch: "npm:^2.7.0"
    p-timeout: "npm:^4.1.0"
    safe-compare: "npm:^1.1.4"
    sandwich-stream: "npm:^2.0.2"
  bin:
    telegraf: lib/cli.mjs
  checksum: 10c0/58931c0cfb00481a99faf757cff3421f9ffb25a4f26c6d34150bc3a0a6e30a98860d7ff824f785f0155c9772fff478fc4a8d22ed975e48014f5037e727f2c995
  languageName: node
  linkType: hard

"tr46@npm:~0.0.3":
  version: 0.0.3
  resolution: "tr46@npm:0.0.3"
  checksum: 10c0/047cb209a6b60c742f05c9d3ace8fa510bff609995c129a37ace03476a9b12db4dbf975e74600830ef0796e18882b2381fb5fb1f6b4f96b832c374de3ab91a11
  languageName: node
  linkType: hard

"tslib@npm:^2.0.3, tslib@npm:^2.4.0, tslib@npm:^2.4.1, tslib@npm:^2.6.2":
  version: 2.8.1
  resolution: "tslib@npm:2.8.1"
  checksum: 10c0/9c4759110a19c53f992d9aae23aac5ced636e99887b51b9e61def52611732872ff7668757d4e4c61f19691e36f4da981cd9485e869b4a7408d689f6bf1f14e62
  languageName: node
  linkType: hard

"typescript@npm:^5.5.3":
  version: 5.7.3
  resolution: "typescript@npm:5.7.3"
  bin:
    tsc: bin/tsc
    tsserver: bin/tsserver
  checksum: 10c0/b7580d716cf1824736cc6e628ab4cd8b51877408ba2be0869d2866da35ef8366dd6ae9eb9d0851470a39be17cbd61df1126f9e211d8799d764ea7431d5435afa
  languageName: node
  linkType: hard

"typescript@patch:typescript@npm%3A^5.5.3#optional!builtin<compat/typescript>":
  version: 5.7.3
  resolution: "typescript@patch:typescript@npm%3A5.7.3#optional!builtin<compat/typescript>::version=5.7.3&hash=5786d5"
  bin:
    tsc: bin/tsc
    tsserver: bin/tsserver
  checksum: 10c0/6fd7e0ed3bf23a81246878c613423730c40e8bdbfec4c6e4d7bf1b847cbb39076e56ad5f50aa9d7ebd89877999abaee216002d3f2818885e41c907caaa192cc4
  languageName: node
  linkType: hard

"undici-types@npm:~6.20.0":
  version: 6.20.0
  resolution: "undici-types@npm:6.20.0"
  checksum: 10c0/68e659a98898d6a836a9a59e6adf14a5d799707f5ea629433e025ac90d239f75e408e2e5ff086afc3cace26f8b26ee52155293564593fbb4a2f666af57fc59bf
  languageName: node
  linkType: hard

"webidl-conversions@npm:^3.0.0":
  version: 3.0.1
  resolution: "webidl-conversions@npm:3.0.1"
  checksum: 10c0/5612d5f3e54760a797052eb4927f0ddc01383550f542ccd33d5238cfd65aeed392a45ad38364970d0a0f4fea32e1f4d231b3d8dac4a3bdd385e5cf802ae097db
  languageName: node
  linkType: hard

"whatwg-url@npm:^5.0.0":
  version: 5.0.0
  resolution: "whatwg-url@npm:5.0.0"
  dependencies:
    tr46: "npm:~0.0.3"
    webidl-conversions: "npm:^3.0.0"
  checksum: 10c0/1588bed84d10b72d5eec1d0faa0722ba1962f1821e7539c535558fb5398d223b0c50d8acab950b8c488b4ba69043fd833cc2697056b167d8ad46fac3995a55d5
  languageName: node
  linkType: hard
